
Microsoft Visual Studio Solution File, Format Version 12.00
# Visual Studio 15
VisualStudioVersion = 15.0.26430.6
MinimumVisualStudioVersion = 10.0.40219.1
Project("{FAE04EC0-301F-11D3-BF4B-00C04F79EFBC}") = "Cozyplanes.SudokuApp", "Sudoku_w+_SW_WPF\Cozyplanes.SudokuApp.csproj", "{8440F43A-94CC-4469-8111-4F003D564FF2}"
EndProject
Global
	GlobalSection(SolutionConfigurationPlatforms) = preSolution
		Debug|Any CPU = Debug|Any CPU
		Release|Any CPU = Release|Any CPU
	EndGlobalSection
	GlobalSection(ProjectConfigurationPlatforms) = postSolution
		{8440F43A-94CC-4469-8111-4F003D564FF2}.Debug|Any CPU.ActiveCfg = Debug|Any CPU
		{8440F43A-94CC-4469-8111-4F003D564FF2}.Debug|Any CPU.Build.0 = Debug|Any CPU
		{8440F43A-94CC-4469-8111-4F003D564FF2}.Release|Any CPU.ActiveCfg = Release|Any CPU
		{8440F43A-94CC-4469-8111-4F003D564FF2}.Release|Any CPU.Build.0 = Release|Any CPU
	EndGlobalSection
	GlobalSection(SolutionProperties) = preSolution
		HideSolutionNode = FALSE
	EndGlobalSection
	GlobalSection(ExtensibilityGlobals) = postSolution
		SolutionGuid = {45DFAB15-AB8C-45FC-9FED-C558B7795E9A}
	EndGlobalSection
EndGlobal
